<?xml version="1.0" encoding="UTF-8"?>
<Scheme
   LastUpgradeVersion = "2650"
   version = "1.7">
   <BuildAction
      parallelizeBuildables = "YES"
      buildImplicitDependencies = "YES"
      buildArchitectures = "Automatic">
      <BuildActionEntries>
         <BuildActionEntry
            buildForTesting = "YES"
            buildForRunning = "YES"
            buildForProfiling = "YES"
            buildForArchiving = "YES"
            buildForAnalyzing = "YES">
            <BuildableReference
               BuildableIdentifier = "primary"
               BlueprintIdentifier = "3FF5E8B42F39D4B600C20EE6"
               BuildableName = "AstraFiPrototype.app"
               BlueprintName = "AstraFiPrototype"
               ReferencedContainer = "container:AstraFiPrototype2.xcodeproj">
            </BuildableReference>
         </BuildActionEntry>
      </BuildActionEntries>
   </BuildAction>
   <TestAction
      buildConfiguration = "Debug"
      selectedDebuggerIdentifier = "Xcode.DebuggerFoundation.Debugger.LLDB"
      selectedLauncherIdentifier = "Xcode.DebuggerFoundation.Launcher.LLDB"
      shouldUseLaunchSchemeArgsEnv = "YES"
      shouldAutocreateTestPlan = "YES">
   </TestAction>
   <LaunchAction
      buildConfiguration = "Debug"
      selectedDebuggerIdentifier = "Xcode.DebuggerFoundation.Debugger.LLDB"
      selectedLauncherIdentifier = "Xcode.DebuggerFoundation.Launcher.LLDB"
      launchStyle = "0"
      useCustomWorkingDirectory = "NO"
      ignoresPersistentStateOnLaunch = "NO"
      debugDocumentVersioning = "YES"
      debugServiceExtension = "internal"
      allowLocationSimulation = "YES"
      queueDebuggingEnableBacktraceRecording = "Yes">
      <BuildableProductRunnable
         runnableDebuggingMode = "0">
         <BuildableReference
            BuildableIdentifier = "primary"
            BlueprintIdentifier = "3FF5E8B42F39D4B600C20EE6"
            BuildableName = "AstraFiPrototype.app"
            BlueprintName = "AstraFiPrototype"
            ReferencedContainer = "container:AstraFiPrototype2.xcodeproj">
         </BuildableReference>
      </BuildableProductRunnable>
      <EnvironmentVariables>
         <EnvironmentVariable
            key = "FINNHUB_API_KEY"
            value = "d7aat81r01qn9i7k90h0d7aat81r01qn9i7k90hg"
            isEnabled = "YES">
         </EnvironmentVariable>
         <EnvironmentVariable
            key = "ASTRAFI_AI_API_KEY"
            value = "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"
            isEnabled = "YES">
         </EnvironmentVariable>
         <EnvironmentVariable
            key = "FMP_API_KEY"
            value = "rvHQYn8dDROZgjUJiTTEQION39yV7p3f"
            isEnabled = "YES">
         </EnvironmentVariable>
         <EnvironmentVariable
            key = "OPENROUTER_API_KEY"
            value = "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"
            isEnabled = "YES">
         </EnvironmentVariable>
      </EnvironmentVariables>
   </LaunchAction>
   <ProfileAction
      buildConfiguration = "Release"
      shouldUseLaunchSchemeArgsEnv = "YES"
      savedToolIdentifier = ""
      useCustomWorkingDirectory = "NO"
      debugDocumentVersioning = "YES">
      <BuildableProductRunnable
         runnableDebuggingMode = "0">
         <BuildableReference
            BuildableIdentifier = "primary"
            BlueprintIdentifier = "3FF5E8B42F39D4B600C20EE6"
            BuildableName = "AstraFiPrototype.app"
            BlueprintName = "AstraFiPrototype"
            ReferencedContainer = "container:AstraFiPrototype2.xcodeproj">
         </BuildableReference>
      </BuildableProductRunnable>
   </ProfileAction>
   <AnalyzeAction
      buildConfiguration = "Debug">
   </AnalyzeAction>
   <ArchiveAction
      buildConfiguration = "Release"
      revealArchiveInOrganizer = "YES">
   </ArchiveAction>
</Scheme>
